
Microsoft Visual Studio Solution File, Format Version 12.00
# Visual Studio Version 16
VisualStudioVersion = 16.0.31515.178
MinimumVisualStudioVersion = 10.0.40219.1
Project("{FAE04EC0-301F-11D3-BF4B-00C04F79EFBC}") = "Project5", "Project5\Project5.csproj", "{FE0E960F-067F-4073-9FF5-22EE4D8D9883}"
EndProject
Global
	GlobalSection(SolutionConfigurationPlatforms) = preSolution
		Debug|Any CPU = Debug|Any CPU
		Release|Any CPU = Release|Any CPU
	EndGlobalSection
	GlobalSection(ProjectConfigurationPlatforms) = postSolution
		{FE0E960F-067F-4073-9FF5-22EE4D8D9883}.Debug|Any CPU.ActiveCfg = Debug|Any CPU
		{FE0E960F-067F-4073-9FF5-22EE4D8D9883}.Debug|Any CPU.Build.0 = Debug|Any CPU
		{FE0E960F-067F-4073-9FF5-22EE4D8D9883}.Release|Any CPU.ActiveCfg = Release|Any CPU
		{FE0E960F-067F-4073-9FF5-22EE4D8D9883}.Release|Any CPU.Build.0 = Release|Any CPU
	EndGlobalSection
	GlobalSection(SolutionProperties) = preSolution
		HideSolutionNode = FALSE
	EndGlobalSection
	GlobalSection(ExtensibilityGlobals) = postSolution
		SolutionGuid = {D27F30FA-C965-4945-9D38-C001597B1F57}
	EndGlobalSection
EndGlobal
